
Microsoft Visual Studio Solution File, Format Version 12.00
# Visual Studio Version 17
VisualStudioVersion = 17.0.31903.59
MinimumVisualStudioVersion = 10.0.40219.1
Project("{2150E333-8FDC-42A3-9474-1A3956D46DE8}") = "Libraries", "Libraries", "{F2E35B3E-9711-EDEC-6202-DB40BDEED14A}"
EndProject
Project("{FAE04EC0-301F-11D3-BF4B-00C04F79EFBC}") = "Futures", "Libraries\Futures\Futures.csproj", "{8D2B4087-04B7-4FB8-AF40-E377E459D5F6}"
EndProject
Project("{2150E333-8FDC-42A3-9474-1A3956D46DE8}") = "Tests", "Tests", "{0AB3BF05-4346-4AA6-1389-037BE0695223}"
EndProject
Project("{FAE04EC0-301F-11D3-BF4B-00C04F79EFBC}") = "Futures.Tests", "Tests\Futures.Tests\Futures.Tests.csproj", "{C59966E5-E2EA-4BAE-B106-28C707908E66}"
EndProject
Project("{FAE04EC0-301F-11D3-BF4B-00C04F79EFBC}") = "Futures.OpenAI", "Libraries\Futures.OpenAI\Futures.OpenAI.csproj", "{BD3C1033-2073-4697-8D79-5A7D5700ECA3}"
EndProject
Project("{FAE04EC0-301F-11D3-BF4B-00C04F79EFBC}") = "Futures.OpenAI.Tests", "Tests\Futures.OpenAI.Tests\Futures.OpenAI.Tests.csproj", "{8C8C1779-E6EE-4B1B-82FB-7E753A3E5AFF}"
EndProject
Global
	GlobalSection(SolutionConfigurationPlatforms) = preSolution
		Debug|Any CPU = Debug|Any CPU
		Debug|x64 = Debug|x64
		Debug|x86 = Debug|x86
		Release|Any CPU = Release|Any CPU
		Release|x64 = Release|x64
		Release|x86 = Release|x86
	EndGlobalSection
	GlobalSection(ProjectConfigurationPlatforms) = postSolution
		{8D2B4087-04B7-4FB8-AF40-E377E459D5F6}.Debug|Any CPU.ActiveCfg = Debug|Any CPU
		{8D2B4087-04B7-4FB8-AF40-E377E459D5F6}.Debug|Any CPU.Build.0 = Debug|Any CPU
		{8D2B4087-04B7-4FB8-AF40-E377E459D5F6}.Debug|x64.ActiveCfg = Debug|Any CPU
		{8D2B4087-04B7-4FB8-AF40-E377E459D5F6}.Debug|x64.Build.0 = Debug|Any CPU
		{8D2B4087-04B7-4FB8-AF40-E377E459D5F6}.Debug|x86.ActiveCfg = Debug|Any CPU
		{8D2B4087-04B7-4FB8-AF40-E377E459D5F6}.Debug|x86.Build.0 = Debug|Any CPU
		{8D2B4087-04B7-4FB8-AF40-E377E459D5F6}.Release|Any CPU.ActiveCfg = Release|Any CPU
		{8D2B4087-04B7-4FB8-AF40-E377E459D5F6}.Release|Any CPU.Build.0 = Release|Any CPU
		{8D2B4087-04B7-4FB8-AF40-E377E459D5F6}.Release|x64.ActiveCfg = Release|Any CPU
		{8D2B4087-04B7-4FB8-AF40-E377E459D5F6}.Release|x64.Build.0 = Release|Any CPU
		{8D2B4087-04B7-4FB8-AF40-E377E459D5F6}.Release|x86.ActiveCfg = Release|Any CPU
		{8D2B4087-04B7-4FB8-AF40-E377E459D5F6}.Release|x86.Build.0 = Release|Any CPU
		{C59966E5-E2EA-4BAE-B106-28C707908E66}.Debug|Any CPU.ActiveCfg = Debug|Any CPU
		{C59966E5-E2EA-4BAE-B106-28C707908E66}.Debug|Any CPU.Build.0 = Debug|Any CPU
		{C59966E5-E2EA-4BAE-B106-28C707908E66}.Debug|x64.ActiveCfg = Debug|Any CPU
		{C59966E5-E2EA-4BAE-B106-28C707908E66}.Debug|x64.Build.0 = Debug|Any CPU
		{C59966E5-E2EA-4BAE-B106-28C707908E66}.Debug|x86.ActiveCfg = Debug|Any CPU
		{C59966E5-E2EA-4BAE-B106-28C707908E66}.Debug|x86.Build.0 = Debug|Any CPU
		{C59966E5-E2EA-4BAE-B106-28C707908E66}.Release|Any CPU.ActiveCfg = Release|Any CPU
		{C59966E5-E2EA-4BAE-B106-28C707908E66}.Release|Any CPU.Build.0 = Release|Any CPU
		{C59966E5-E2EA-4BAE-B106-28C707908E66}.Release|x64.ActiveCfg = Release|Any CPU
		{C59966E5-E2EA-4BAE-B106-28C707908E66}.Release|x64.Build.0 = Release|Any CPU
		{C59966E5-E2EA-4BAE-B106-28C707908E66}.Release|x86.ActiveCfg = Release|Any CPU
		{C59966E5-E2EA-4BAE-B106-28C707908E66}.Release|x86.Build.0 = Release|Any CPU
		{BD3C1033-2073-4697-8D79-5A7D5700ECA3}.Debug|Any CPU.ActiveCfg = Debug|Any CPU
		{BD3C1033-2073-4697-8D79-5A7D5700ECA3}.Debug|Any CPU.Build.0 = Debug|Any CPU
		{BD3C1033-2073-4697-8D79-5A7D5700ECA3}.Debug|x64.ActiveCfg = Debug|Any CPU
		{BD3C1033-2073-4697-8D79-5A7D5700ECA3}.Debug|x64.Build.0 = Debug|Any CPU
		{BD3C1033-2073-4697-8D79-5A7D5700ECA3}.Debug|x86.ActiveCfg = Debug|Any CPU
		{BD3C1033-2073-4697-8D79-5A7D5700ECA3}.Debug|x86.Build.0 = Debug|Any CPU
		{BD3C1033-2073-4697-8D79-5A7D5700ECA3}.Release|Any CPU.ActiveCfg = Release|Any CPU
		{BD3C1033-2073-4697-8D79-5A7D5700ECA3}.Release|Any CPU.Build.0 = Release|Any CPU
		{BD3C1033-2073-4697-8D79-5A7D5700ECA3}.Release|x64.ActiveCfg = Release|Any CPU
		{BD3C1033-2073-4697-8D79-5A7D5700ECA3}.Release|x64.Build.0 = Release|Any CPU
		{BD3C1033-2073-4697-8D79-5A7D5700ECA3}.Release|x86.ActiveCfg = Release|Any CPU
		{BD3C1033-2073-4697-8D79-5A7D5700ECA3}.Release|x86.Build.0 = Release|Any CPU
		{8C8C1779-E6EE-4B1B-82FB-7E753A3E5AFF}.Debug|Any CPU.ActiveCfg = Debug|Any CPU
		{8C8C1779-E6EE-4B1B-82FB-7E753A3E5AFF}.Debug|Any CPU.Build.0 = Debug|Any CPU
		{8C8C1779-E6EE-4B1B-82FB-7E753A3E5AFF}.Debug|x64.ActiveCfg = Debug|Any CPU
		{8C8C1779-E6EE-4B1B-82FB-7E753A3E5AFF}.Debug|x64.Build.0 = Debug|Any CPU
		{8C8C1779-E6EE-4B1B-82FB-7E753A3E5AFF}.Debug|x86.ActiveCfg = Debug|Any CPU
		{8C8C1779-E6EE-4B1B-82FB-7E753A3E5AFF}.Debug|x86.Build.0 = Debug|Any CPU
		{8C8C1779-E6EE-4B1B-82FB-7E753A3E5AFF}.Release|Any CPU.ActiveCfg = Release|Any CPU
		{8C8C1779-E6EE-4B1B-82FB-7E753A3E5AFF}.Release|Any CPU.Build.0 = Release|Any CPU
		{8C8C1779-E6EE-4B1B-82FB-7E753A3E5AFF}.Release|x64.ActiveCfg = Release|Any CPU
		{8C8C1779-E6EE-4B1B-82FB-7E753A3E5AFF}.Release|x64.Build.0 = Release|Any CPU
		{8C8C1779-E6EE-4B1B-82FB-7E753A3E5AFF}.Release|x86.ActiveCfg = Release|Any CPU
		{8C8C1779-E6EE-4B1B-82FB-7E753A3E5AFF}.Release|x86.Build.0 = Release|Any CPU
	EndGlobalSection
	GlobalSection(SolutionProperties) = preSolution
		HideSolutionNode = FALSE
	EndGlobalSection
	GlobalSection(NestedProjects) = preSolution
		{8D2B4087-04B7-4FB8-AF40-E377E459D5F6} = {F2E35B3E-9711-EDEC-6202-DB40BDEED14A}
		{C59966E5-E2EA-4BAE-B106-28C707908E66} = {0AB3BF05-4346-4AA6-1389-037BE0695223}
		{BD3C1033-2073-4697-8D79-5A7D5700ECA3} = {F2E35B3E-9711-EDEC-6202-DB40BDEED14A}
		{8C8C1779-E6EE-4B1B-82FB-7E753A3E5AFF} = {0AB3BF05-4346-4AA6-1389-037BE0695223}
	EndGlobalSection
EndGlobal
